// !$*UTF8*$!
{
	archiveVersion = 1;
	classes = {
	};
	objectVersion = 46;
	objects = {

/* Begin PBXBuildFile section */
		13EEBE6D4A2F45289BADF12D /* libPods-nochat.a in Frameworks */ = {isa = PBXBuildFile; fileRef = D6572F0DAC174AA0BC505D1B /* libPods-nochat.a */; };
		CD7FB7601A9B99B200F2B168 /* main.m in Sources */ = {isa = PBXBuildFile; fileRef = CD7FB75F1A9B99B200F2B168 /* main.m */; };
		CD7FB7631A9B99B200F2B168 /* AppDelegate.m in Sources */ = {isa = PBXBuildFile; fileRef = CD7FB7621A9B99B200F2B168 /* AppDelegate.m */; };
		CD7FB7661A9B99B200F2B168 /* nochat.xcdatamodeld in Sources */ = {isa = PBXBuildFile; fileRef = CD7FB7641A9B99B200F2B168 /* nochat.xcdatamodeld */; };
		CD7FB7691A9B99B200F2B168 /* ViewController.m in Sources */ = {isa = PBXBuildFile; fileRef = CD7FB7681A9B99B200F2B168 /* ViewController.m */; };
		CD7FB76C1A9B99B200F2B168 /* Main.storyboard in Resources */ = {isa = PBXBuildFile; fileRef = CD7FB76A1A9B99B200F2B168 /* Main.storyboard */; };
		CD7FB76E1A9B99B200F2B168 /* Images.xcassets in Resources */ = {isa = PBXBuildFile; fileRef = CD7FB76D1A9B99B200F2B168 /* Images.xcassets */; };
		CD7FB7711A9B99B200F2B168 /* LaunchScreen.xib in Resources */ = {isa = PBXBuildFile; fileRef = CD7FB76F1A9B99B200F2B168 /* LaunchScreen.xib */; };
		CD7FB77D1A9B99B200F2B168 /* nochatTests.m in Sources */ = {isa = PBXBuildFile; fileRef = CD7FB77C1A9B99B200F2B168 /* nochatTests.m */; };
		CDF7887A1A9D8BD500A3AB7E /* AGPushNoteView.m in Sources */ = {isa = PBXBuildFile; fileRef = CDF788781A9D8BD500A3AB7E /* AGPushNoteView.m */; };
		CDF7887B1A9D8BD500A3AB7E /* AGPushNoteView.xib in Resources */ = {isa = PBXBuildFile; fileRef = CDF788791A9D8BD500A3AB7E /* AGPushNoteView.xib */; };
/* End PBXBuildFile section */

/* Begin PBXContainerItemProxy section */
		CD7FB7771A9B99B200F2B168 /* PBXContainerItemProxy */ = {
			isa = PBXContainerItemProxy;
			containerPortal = CD7FB7521A9B99B200F2B168 /* Project object */;
			proxyType = 1;
			remoteGlobalIDString = CD7FB7591A9B99B200F2B168;
			remoteInfo = nochat;
		};
/* End PBXContainerItemProxy section */

/* Begin PBXFileReference section */
		8E6A08917BF5470BBC0AA137 /* Pods-nochat.xcconfig */ = {isa = PBXFileReference; includeInIndex = 1; lastKnownFileType = text.xcconfig; name = "Pods-nochat.xcconfig"; path = "Pods/Pods-nochat.xcconfig"; sourceTree = "<group>"; };
		CD7FB75A1A9B99B200F2B168 /* nochat.app */ = {isa = PBXFileReference; explicitFileType = wrapper.application; includeInIndex = 0; path = nochat.app; sourceTree = BUILT_PRODUCTS_DIR; };
		CD7FB75E1A9B99B200F2B168 /* Info.plist */ = {isa = PBXFileReference; lastKnownFileType = text.plist.xml; path = Info.plist; sourceTree = "<group>"; };
		CD7FB75F1A9B99B200F2B168 /* main.m */ = {isa = PBXFileReference; lastKnownFileType = sourcecode.c.objc; path = main.m; sourceTree = "<group>"; };
		CD7FB7611A9B99B200F2B168 /* AppDelegate.h */ = {isa = PBXFileReference; lastKnownFileType = sourcecode.c.h; path = AppDelegate.h; sourceTree = "<group>"; };
		CD7FB7621A9B99B200F2B168 /* AppDelegate.m */ = {isa = PBXFileReference; lastKnownFileType = sourcecode.c.objc; path = AppDelegate.m; sourceTree = "<group>"; };
		CD7FB7651A9B99B200F2B168 /* nochat.xcdatamodel */ = {isa = PBXFileReference; lastKnownFileType = wrapper.xcdatamodel; path = nochat.xcdatamodel; sourceTree = "<group>"; };
		CD7FB7671A9B99B200F2B168 /* ViewController.h */ = {isa = PBXFileReference; lastKnownFileType = sourcecode.c.h; path = ViewController.h; sourceTree = "<group>"; };
		CD7FB7681A9B99B200F2B168 /* ViewController.m */ = {isa = PBXFileReference; lastKnownFileType = sourcecode.c.objc; path = ViewController.m; sourceTree = "<group>"; };
		CD7FB76B1A9B99B200F2B168 /* Base */ = {isa = PBXFileReference; lastKnownFileType = file.storyboard; name = Base; path = Base.lproj/Main.storyboard; sourceTree = "<group>"; };
		CD7FB76D1A9B99B200F2B168 /* Images.xcassets */ = {isa = PBXFileReference; lastKnownFileType = folder.assetcatalog; path = Images.xcassets; sourceTree = "<group>"; };
		CD7FB7701A9B99B200F2B168 /* Base */ = {isa = PBXFileReference; lastKnownFileType = file.xib; name = Base; path = Base.lproj/LaunchScreen.xib; sourceTree = "<group>"; };
		CD7FB7761A9B99B200F2B168 /* nochatTests.xctest */ = {isa = PBXFileReference; explicitFileType = wrapper.cfbundle; includeInIndex = 0; path = nochatTests.xctest; sourceTree = BUILT_PRODUCTS_DIR; };
		CD7FB77B1A9B99B200F2B168 /* Info.plist */ = {isa = PBXFileReference; lastKnownFileType = text.plist.xml; path = Info.plist; sourceTree = "<group>"; };
		CD7FB77C1A9B99B200F2B168 /* nochatTests.m */ = {isa = PBXFileReference; lastKnownFileType = sourcecode.c.objc; path = nochatTests.m; sourceTree = "<group>"; };
		CDF788771A9D8BD500A3AB7E /* AGPushNoteView.h */ = {isa = PBXFileReference; fileEncoding = 4; lastKnownFileType = sourcecode.c.h; path = AGPushNoteView.h; sourceTree = "<group>"; };
		CDF788781A9D8BD500A3AB7E /* AGPushNoteView.m */ = {isa = PBXFileReference; fileEncoding = 4; lastKnownFileType = sourcecode.c.objc; path = AGPushNoteView.m; sourceTree = "<group>"; };
		CDF788791A9D8BD500A3AB7E /* AGPushNoteView.xib */ = {isa = PBXFileReference; fileEncoding = 4; lastKnownFileType = file.xib; path = AGPushNoteView.xib; sourceTree = "<group>"; };
		D6572F0DAC174AA0BC505D1B /* libPods-nochat.a */ = {isa = PBXFileReference; explicitFileType = archive.ar; includeInIndex = 0; path = "libPods-nochat.a"; sourceTree = BUILT_PRODUCTS_DIR; };
/* End PBXFileReference section */

/* Begin PBXFrameworksBuildPhase section */
		CD7FB7571A9B99B200F2B168 /* Frameworks */ = {
			isa = PBXFrameworksBuildPhase;
			buildActionMask = 2147483647;
			files = (
				13EEBE6D4A2F45289BADF12D /* libPods-nochat.a in Frameworks */,
			);
			runOnlyForDeploymentPostprocessing = 0;
		};
		CD7FB7731A9B99B200F2B168 /* Frameworks */ = {
			isa = PBXFrameworksBuildPhase;
			buildActionMask = 2147483647;
			files = (
			);
			runOnlyForDeploymentPostprocessing = 0;
		};
/* End PBXFrameworksBuildPhase section */

/* Begin PBXGroup section */
		9AA5C4D0CB9F4667AE6C3B35 /* Frameworks */ = {
			isa = PBXGroup;
			children = (
				D6572F0DAC174AA0BC505D1B /* libPods-nochat.a */,
			);
			name = Frameworks;
			sourceTree = "<group>";
		};
		CD7FB7511A9B99B200F2B168 = {
			isa = PBXGroup;
			children = (
				CD7FB75C1A9B99B200F2B168 /* nochat */,
				CD7FB7791A9B99B200F2B168 /* nochatTests */,
				CD7FB75B1A9B99B200F2B168 /* Products */,
				8E6A08917BF5470BBC0AA137 /* Pods-nochat.xcconfig */,
				9AA5C4D0CB9F4667AE6C3B35 /* Frameworks */,
			);
			sourceTree = "<group>";
		};
		CD7FB75B1A9B99B200F2B168 /* Products */ = {
			isa = PBXGroup;
			children = (
				CD7FB75A1A9B99B200F2B168 /* nochat.app */,
				CD7FB7761A9B99B200F2B168 /* nochatTests.xctest */,
			);
			name = Products;
			sourceTree = "<group>";
		};
		CD7FB75C1A9B99B200F2B168 /* nochat */ = {
			isa = PBXGroup;
			children = (
				CDF788751A9D8BD500A3AB7E /* Vendor */,
				CD7FB7611A9B99B200F2B168 /* AppDelegate.h */,
				CD7FB7621A9B99B200F2B168 /* AppDelegate.m */,
				CD7FB7671A9B99B200F2B168 /* ViewController.h */,
				CD7FB7681A9B99B200F2B168 /* ViewController.m */,
				CD7FB76A1A9B99B200F2B168 /* Main.storyboard */,
				CD7FB76D1A9B99B200F2B168 /* Images.xcassets */,
				CD7FB76F1A9B99B200F2B168 /* LaunchScreen.xib */,
				CD7FB7641A9B99B200F2B168 /* nochat.xcdatamodeld */,
				CD7FB75D1A9B99B200F2B168 /* Supporting Files */,
			);
			path = nochat;
			sourceTree = "<group>";
		};
		CD7FB75D1A9B99B200F2B168 /* Supporting Files */ = {
			isa = PBXGroup;
			children = (
				CD7FB75E1A9B99B200F2B168 /* Info.plist */,
				CD7FB75F1A9B99B200F2B168 /* main.m */,
			);
			name = "Supporting Files";
			sourceTree = "<group>";
		};
		CD7FB7791A9B99B200F2B168 /* nochatTests */ = {
			isa = PBXGroup;
			children = (
				CD7FB77C1A9B99B200F2B168 /* nochatTests.m */,
				CD7FB77A1A9B99B200F2B168 /* Supporting Files */,
			);
			path = nochatTests;
			sourceTree = "<group>";
		};
		CD7FB77A1A9B99B200F2B168 /* Supporting Files */ = {
			isa = PBXGroup;
			children = (
				CD7FB77B1A9B99B200F2B168 /* Info.plist */,
			);
			name = "Supporting Files";
			sourceTree = "<group>";
		};
		CDF788751A9D8BD500A3AB7E /* Vendor */ = {
			isa = PBXGroup;
			children = (
				CDF788761A9D8BD500A3AB7E /* AGPushNote */,
			);
			path = Vendor;
			sourceTree = "<group>";
		};
		CDF788761A9D8BD500A3AB7E /* AGPushNote */ = {
			isa = PBXGroup;
			children = (
				CDF788771A9D8BD500A3AB7E /* AGPushNoteView.h */,
				CDF788781A9D8BD500A3AB7E /* AGPushNoteView.m */,
				CDF788791A9D8BD500A3AB7E /* AGPushNoteView.xib */,
			);
			path = AGPushNote;
			sourceTree = "<group>";
		};
/* End PBXGroup section */

/* Begin PBXNativeTarget section */
		CD7FB7591A9B99B200F2B168 /* nochat */ = {
			isa = PBXNativeTarget;
			buildConfigurationList = CD7FB7801A9B99B200F2B168 /* Build configuration list for PBXNativeTarget "nochat" */;
			buildPhases = (
				FB016B11BC804FFF87F590B1 /* Check Pods Manifest.lock */,
				CD7FB7561A9B99B200F2B168 /* Sources */,
				CD7FB7571A9B99B200F2B168 /* Frameworks */,
				CD7FB7581A9B99B200F2B168 /* Resources */,
				0FC7ABA9B3A64D8EB03CDD76 /* Copy Pods Resources */,
			);
			buildRules = (
			);
			dependencies = (
			);
			name = nochat;
			productName = nochat;
			productReference = CD7FB75A1A9B99B200F2B168 /* nochat.app */;
			productType = "com.apple.product-type.application";
		};
		CD7FB7751A9B99B200F2B168 /* nochatTests */ = {
			isa = PBXNativeTarget;
			buildConfigurationList = CD7FB7831A9B99B200F2B168 /* Build configuration list for PBXNativeTarget "nochatTests" */;
			buildPhases = (
				CD7FB7721A9B99B200F2B168 /* Sources */,
				CD7FB7731A9B99B200F2B168 /* Frameworks */,
				CD7FB7741A9B99B200F2B168 /* Resources */,
			);
			buildRules = (
			);
			dependencies = (
				CD7FB7781A9B99B200F2B168 /* PBXTargetDependency */,
			);
			name = nochatTests;
			productName = nochatTests;
			productReference = CD7FB7761A9B99B200F2B168 /* nochatTests.xctest */;
			productType = "com.apple.product-type.bundle.unit-test";
		};
/* End PBXNativeTarget section */

/* Begin PBXProject section */
		CD7FB7521A9B99B200F2B168 /* Project object */ = {
			isa = PBXProject;
			attributes = {
				LastUpgradeCheck = 0610;
				ORGANIZATIONNAME = Nexters;
				TargetAttributes = {
					CD7FB7591A9B99B200F2B168 = {
						CreatedOnToolsVersion = 6.1.1;
						DevelopmentTeam = 78QXHXWZPW;
					};
					CD7FB7751A9B99B200F2B168 = {
						CreatedOnToolsVersion = 6.1.1;
						DevelopmentTeam = 78QXHXWZPW;
						TestTargetID = CD7FB7591A9B99B200F2B168;
					};
				};
			};
			buildConfigurationList = CD7FB7551A9B99B200F2B168 /* Build configuration list for PBXProject "nochat" */;
			compatibilityVersion = "Xcode 3.2";
			developmentRegion = English;
			hasScannedForEncodings = 0;
			knownRegions = (
				en,
				Base,
			);
			mainGroup = CD7FB7511A9B99B200F2B168;
			productRefGroup = CD7FB75B1A9B99B200F2B168 /* Products */;
			projectDirPath = "";
			projectRoot = "";
			targets = (
				CD7FB7591A9B99B200F2B168 /* nochat */,
				CD7FB7751A9B99B200F2B168 /* nochatTests */,
			);
		};
/* End PBXProject section */

/* Begin PBXResourcesBuildPhase section */
		CD7FB7581A9B99B200F2B168 /* Resources */ = {
			isa = PBXResourcesBuildPhase;
			buildActionMask = 2147483647;
			files = (
				CDF7887B1A9D8BD500A3AB7E /* AGPushNoteView.xib in Resources */,
				CD7FB76C1A9B99B200F2B168 /* Main.storyboard in Resources */,
				CD7FB7711A9B99B200F2B168 /* LaunchScreen.xib in Resources */,
				CD7FB76E1A9B99B200F2B168 /* Images.xcassets in Resources */,
			);
			runOnlyForDeploymentPostprocessing = 0;
		};
		CD7FB7741A9B99B200F2B168 /* Resources */ = {
			isa = PBXResourcesBuildPhase;
			buildActionMask = 2147483647;
			files = (
			);
			runOnlyForDeploymentPostprocessing = 0;
		};
/* End PBXResourcesBuildPhase section */

/* Begin PBXShellScriptBuildPhase section */
		0FC7ABA9B3A64D8EB03CDD76 /* Copy Pods Resources */ = {
			isa = PBXShellScriptBuildPhase;
			buildActionMask = 2147483647;
			files = (
			);
			inputPaths = (
			);
			name = "Copy Pods Resources";
			outputPaths = (
			);
			runOnlyForDeploymentPostprocessing = 0;
			shellPath = /bin/sh;
			shellScript = "\"${SRCROOT}/Pods/Pods-nochat-resources.sh\"\n";
			showEnvVarsInLog = 0;
		};
		FB016B11BC804FFF87F590B1 /* Check Pods Manifest.lock */ = {
			isa = PBXShellScriptBuildPhase;
			buildActionMask = 2147483647;
			files = (
			);
			inputPaths = (
			);
			name = "Check Pods Manifest.lock";
			outputPaths = (
			);
			runOnlyForDeploymentPostprocessing = 0;
			shellPath = /bin/sh;
			shellScript = "diff \"${PODS_ROOT}/../Podfile.lock\" \"${PODS_ROOT}/Manifest.lock\" > /dev/null\nif [[ $? != 0 ]] ; then\n    cat << EOM\nerror: The sandbox is not in sync with the Podfile.lock. Run 'pod install' or update your CocoaPods installation.\nEOM\n    exit 1\nfi\n";
			showEnvVarsInLog = 0;
		};
/* End PBXShellScriptBuildPhase section */

/* Begin PBXSourcesBuildPhase section */
		CD7FB7561A9B99B200F2B168 /* Sources */ = {
			isa = PBXSourcesBuildPhase;
			buildActionMask = 2147483647;
			files = (
				CD7FB7661A9B99B200F2B168 /* nochat.xcdatamodeld in Sources */,
				CD7FB7631A9B99B200F2B168 /* AppDelegate.m in Sources */,
				CD7FB7691A9B99B200F2B168 /* ViewController.m in Sources */,
				CD7FB7601A9B99B200F2B168 /* main.m in Sources */,
				CDF7887A1A9D8BD500A3AB7E /* AGPushNoteView.m in Sources */,
			);
			runOnlyForDeploymentPostprocessing = 0;
		};
		CD7FB7721A9B99B200F2B168 /* Sources */ = {
			isa = PBXSourcesBuildPhase;
			buildActionMask = 2147483647;
			files = (
				CD7FB77D1A9B99B200F2B168 /* nochatTests.m in Sources */,
			);
			runOnlyForDeploymentPostprocessing = 0;
		};
/* End PBXSourcesBuildPhase section */

/* Begin PBXTargetDependency section */
		CD7FB7781A9B99B200F2B168 /* PBXTargetDependency */ = {
			isa = PBXTargetDependency;
			target = CD7FB7591A9B99B200F2B168 /* nochat */;
			targetProxy = CD7FB7771A9B99B200F2B168 /* PBXContainerItemProxy */;
		};
/* End PBXTargetDependency section */

/* Begin PBXVariantGroup section */
		CD7FB76A1A9B99B200F2B168 /* Main.storyboard */ = {
			isa = PBXVariantGroup;
			children = (
				CD7FB76B1A9B99B200F2B168 /* Base */,
			);
			name = Main.storyboard;
			sourceTree = "<group>";
		};
		CD7FB76F1A9B99B200F2B168 /* LaunchScreen.xib */ = {
			isa = PBXVariantGroup;
			children = (
				CD7FB7701A9B99B200F2B168 /* Base */,
			);
			name = LaunchScreen.xib;
			sourceTree = "<group>";
		};
/* End PBXVariantGroup section */

/* Begin XCBuildConfiguration section */
		CD7FB77E1A9B99B200F2B168 /* Debug */ = {
			isa = XCBuildConfiguration;
			buildSettings = {
				ALWAYS_SEARCH_USER_PATHS = NO;
				CLANG_CXX_LANGUAGE_STANDARD = "gnu++0x";
				CLANG_CXX_LIBRARY = "libc++";
				CLANG_ENABLE_MODULES = YES;
				CLANG_ENABLE_OBJC_ARC = YES;
				CLANG_WARN_BOOL_CONVERSION = YES;
				CLANG_WARN_CONSTANT_CONVERSION = YES;
				CLANG_WARN_DIRECT_OBJC_ISA_USAGE = YES_ERROR;
				CLANG_WARN_EMPTY_BODY = YES;
				CLANG_WARN_ENUM_CONVERSION = YES;
				CLANG_WARN_INT_CONVERSION = YES;
				CLANG_WARN_OBJC_ROOT_CLASS = YES_ERROR;
				CLANG_WARN_UNREACHABLE_CODE = YES;
				CLANG_WARN__DUPLICATE_METHOD_MATCH = YES;
				"CODE_SIGN_IDENTITY[sdk=iphoneos*]" = "iPhone Developer: KI WON SHIN (U8KJ98ESB5)";
				COPY_PHASE_STRIP = NO;
				ENABLE_STRICT_OBJC_MSGSEND = YES;
				GCC_C_LANGUAGE_STANDARD = gnu99;
				GCC_DYNAMIC_NO_PIC = NO;
				GCC_OPTIMIZATION_LEVEL = 0;
				GCC_PREPROCESSOR_DEFINITIONS = (
					"DEBUG=1",
					"$(inherited)",
				);
				GCC_SYMBOLS_PRIVATE_EXTERN = NO;
				GCC_WARN_64_TO_32_BIT_CONVERSION = YES;
				GCC_WARN_ABOUT_RETURN_TYPE = YES_ERROR;
				GCC_WARN_UNDECLARED_SELECTOR = YES;
				GCC_WARN_UNINITIALIZED_AUTOS = YES_AGGRESSIVE;
				GCC_WARN_UNUSED_FUNCTION = YES;
				GCC_WARN_UNUSED_VARIABLE = YES;
				IPHONEOS_DEPLOYMENT_TARGET = 8.1;
				MTL_ENABLE_DEBUG_INFO = YES;
				ONLY_ACTIVE_ARCH = YES;
				PROVISIONING_PROFILE = "70e9ffb7-1ec3-46b1-a27d-10a487d4a5bc";
				SDKROOT = iphoneos;
				TARGETED_DEVICE_FAMILY = "1,2";
			};
			name = Debug;
		};
		CD7FB77F1A9B99B200F2B168 /* Release */ = {
			isa = XCBuildConfiguration;
			buildSettings = {
				ALWAYS_SEARCH_USER_PATHS = NO;
				CLANG_CXX_LANGUAGE_STANDARD = "gnu++0x";
				CLANG_CXX_LIBRARY = "libc++";
				CLANG_ENABLE_MODULES = YES;
				CLANG_ENABLE_OBJC_ARC = YES;
				CLANG_WARN_BOOL_CONVERSION = YES;
				CLANG_WARN_CONSTANT_CONVERSION = YES;
				CLANG_WARN_DIRECT_OBJC_ISA_USAGE = YES_ERROR;
				CLANG_WARN_EMPTY_BODY = YES;
				CLANG_WARN_ENUM_CONVERSION = YES;
				CLANG_WARN_INT_CONVERSION = YES;
				CLANG_WARN_OBJC_ROOT_CLASS = YES_ERROR;
				CLANG_WARN_UNREACHABLE_CODE = YES;
				CLANG_WARN__DUPLICATE_METHOD_MATCH = YES;
				"CODE_SIGN_IDENTITY[sdk=iphoneos*]" = "iPhone Developer: KI WON SHIN (U8KJ98ESB5)";
				COPY_PHASE_STRIP = YES;
				ENABLE_NS_ASSERTIONS = NO;
				ENABLE_STRICT_OBJC_MSGSEND = YES;
				GCC_C_LANGUAGE_STANDARD = gnu99;
				GCC_WARN_64_TO_32_BIT_CONVERSION = YES;
				GCC_WARN_ABOUT_RETURN_TYPE = YES_ERROR;
				GCC_WARN_UNDECLARED_SELECTOR = YES;
				GCC_WARN_UNINITIALIZED_AUTOS = YES_AGGRESSIVE;
				GCC_WARN_UNUSED_FUNCTION = YES;
				GCC_WARN_UNUSED_VARIABLE = YES;
				IPHONEOS_DEPLOYMENT_TARGET = 8.1;
				MTL_ENABLE_DEBUG_INFO = NO;
				PROVISIONING_PROFILE = "70e9ffb7-1ec3-46b1-a27d-10a487d4a5bc";
				SDKROOT = iphoneos;
				TARGETED_DEVICE_FAMILY = "1,2";
				VALIDATE_PRODUCT = YES;
			};
			name = Release;
		};
		CD7FB7811A9B99B200F2B168 /* Debug */ = {
			isa = XCBuildConfiguration;
			baseConfigurationReference = 8E6A08917BF5470BBC0AA137 /* Pods-nochat.xcconfig */;
			buildSettings = {
				ASSETCATALOG_COMPILER_APPICON_NAME = AppIcon;
				CODE_SIGN_IDENTITY = "iPhone Developer";
				INFOPLIST_FILE = nochat/Info.plist;
				LD_RUNPATH_SEARCH_PATHS = "$(inherited) @executable_path/Frameworks";
				PRODUCT_NAME = "$(TARGET_NAME)";
				PROVISIONING_PROFILE = "6c3f0be5-1aa4-48b3-9752-161e6ffb3d03";
			};
			name = Debug;
		};
		CD7FB7821A9B99B200F2B168 /* Release */ = {
			isa = XCBuildConfiguration;
			baseConfigurationReference = 8E6A08917BF5470BBC0AA137 /* Pods-nochat.xcconfig */;
			buildSettings = {
				ASSETCATALOG_COMPILER_APPICON_NAME = AppIcon;
				CODE_SIGN_IDENTITY = "iPhone Developer";
				INFOPLIST_FILE = nochat/Info.plist;
				LD_RUNPATH_SEARCH_PATHS = "$(inherited) @executable_path/Frameworks";
				PRODUCT_NAME = "$(TARGET_NAME)";
				PROVISIONING_PROFILE = "6c3f0be5-1aa4-48b3-9752-161e6ffb3d03";
			};
			name = Release;
		};
		CD7FB7841A9B99B200F2B168 /* Debug */ = {
			isa = XCBuildConfiguration;
			buildSettings = {
				BUNDLE_LOADER = "$(TEST_HOST)";
				CODE_SIGN_IDENTITY = "iPhone Developer";
				"CODE_SIGN_IDENTITY[sdk=iphoneos*]" = "iPhone Developer";
				FRAMEWORK_SEARCH_PATHS = (
					"$(SDKROOT)/Developer/Library/Frameworks",
					"$(inherited)",
				);
				GCC_PREPROCESSOR_DEFINITIONS = (
					"DEBUG=1",
					"$(inherited)",
				);
				INFOPLIST_FILE = nochatTests/Info.plist;
				LD_RUNPATH_SEARCH_PATHS = "$(inherited) @executable_path/Frameworks @loader_path/Frameworks";
				PRODUCT_NAME = "$(TARGET_NAME)";
				PROVISIONING_PROFILE = "";
				TEST_HOST = "$(BUILT_PRODUCTS_DIR)/nochat.app/nochat";
			};
			name = Debug;
		};
		CD7FB7851A9B99B200F2B168 /* Release */ = {
			isa = XCBuildConfiguration;
			buildSettings = {
				BUNDLE_LOADER = "$(TEST_HOST)";
				CODE_SIGN_IDENTITY = "iPhone Developer";
				"CODE_SIGN_IDENTITY[sdk=iphoneos*]" = "iPhone Developer";
				FRAMEWORK_SEARCH_PATHS = (
					"$(SDKROOT)/Developer/Library/Frameworks",
					"$(inherited)",
				);
				INFOPLIST_FILE = nochatTests/Info.plist;
				LD_RUNPATH_SEARCH_PATHS = "$(inherited) @executable_path/Frameworks @loader_path/Frameworks";
				PRODUCT_NAME = "$(TARGET_NAME)";
				PROVISIONING_PROFILE = "";
				TEST_HOST = "$(BUILT_PRODUCTS_DIR)/nochat.app/nochat";
			};
			name = Release;
		};
/* End XCBuildConfiguration section */

/* Begin XCConfigurationList section */
		CD7FB7551A9B99B200F2B168 /* Build configuration list for PBXProject "nochat" */ = {
			isa = XCConfigurationList;
			buildConfigurations = (
				CD7FB77E1A9B99B200F2B168 /* Debug */,
				CD7FB77F1A9B99B200F2B168 /* Release */,
			);
			defaultConfigurationIsVisible = 0;
			defaultConfigurationName = Release;
		};
		CD7FB7801A9B99B200F2B168 /* Build configuration list for PBXNativeTarget "nochat" */ = {
			isa = XCConfigurationList;
			buildConfigurations = (
				CD7FB7811A9B99B200F2B168 /* Debug */,
				CD7FB7821A9B99B200F2B168 /* Release */,
			);
			defaultConfigurationIsVisible = 0;
			defaultConfigurationName = Release;
		};
		CD7FB7831A9B99B200F2B168 /* Build configuration list for PBXNativeTarget "nochatTests" */ = {
			isa = XCConfigurationList;
			buildConfigurations = (
				CD7FB7841A9B99B200F2B168 /* Debug */,
				CD7FB7851A9B99B200F2B168 /* Release */,
			);
			defaultConfigurationIsVisible = 0;
			defaultConfigurationName = Release;
		};
/* End XCConfigurationList section */

/* Begin XCVersionGroup section */
		CD7FB7641A9B99B200F2B168 /* nochat.xcdatamodeld */ = {
			isa = XCVersionGroup;
			children = (
				CD7FB7651A9B99B200F2B168 /* nochat.xcdatamodel */,
			);
			currentVersion = CD7FB7651A9B99B200F2B168 /* nochat.xcdatamodel */;
			path = nochat.xcdatamodeld;
			sourceTree = "<group>";
			versionGroupType = wrapper.xcdatamodel;
		};
/* End XCVersionGroup section */
	};
	rootObject = CD7FB7521A9B99B200F2B168 /* Project object */;
}
